
Microsoft Visual Studio Solution File, Format Version 12.00
# Visual Studio 15
VisualStudioVersion = 15.0.26430.16
MinimumVisualStudioVersion = 10.0.40219.1
Project("{2150E333-8FDC-42A3-9474-1A3956D46DE8}") = "src", "src", "{FC1ACEAE-AF55-4364-819E-CF8D4C30FDB0}"
EndProject
Project("{2150E333-8FDC-42A3-9474-1A3956D46DE8}") = "tests", "tests", "{615D7585-6491-478D-A383-00070C580DB6}"
EndProject
Project("{9A19103F-16F7-4668-BE54-9A1E7A4F7556}") = "Encrypt.Config.ConsoleHost", "src\Encrypt.Config.Console\Encrypt.Config.ConsoleHost.csproj", "{058BC76E-CFBB-42C4-B395-2FA3A6E4BA81}"
EndProject
Project("{9A19103F-16F7-4668-BE54-9A1E7A4F7556}") = "Encrypt.Config.Console.Tests", "tests\Encrypt.Config.Console.Tests\Encrypt.Config.Console.Tests.csproj", "{87FDBBC5-2940-4413-970E-4E09D85DEC57}"
EndProject
Project("{FAE04EC0-301F-11D3-BF4B-00C04F79EFBC}") = "Encrypt.Config.Json", "src\Encrypt.Config.Json\Encrypt.Config.Json.csproj", "{C133EC27-5E31-41F5-967F-03960CF92CDA}"
EndProject
Project("{FAE04EC0-301F-11D3-BF4B-00C04F79EFBC}") = "Encrypt.Config.RSA", "src\Encrypt.Config.RSA\Encrypt.Config.RSA.csproj", "{063DCA4F-A837-47E7-8773-CA4FACD9572A}"
EndProject
Global
	GlobalSection(SolutionConfigurationPlatforms) = preSolution
		Debug|Any CPU = Debug|Any CPU
		Release|Any CPU = Release|Any CPU
	EndGlobalSection
	GlobalSection(ProjectConfigurationPlatforms) = postSolution
		{058BC76E-CFBB-42C4-B395-2FA3A6E4BA81}.Debug|Any CPU.ActiveCfg = Debug|Any CPU
		{058BC76E-CFBB-42C4-B395-2FA3A6E4BA81}.Debug|Any CPU.Build.0 = Debug|Any CPU
		{058BC76E-CFBB-42C4-B395-2FA3A6E4BA81}.Release|Any CPU.ActiveCfg = Release|Any CPU
		{058BC76E-CFBB-42C4-B395-2FA3A6E4BA81}.Release|Any CPU.Build.0 = Release|Any CPU
		{87FDBBC5-2940-4413-970E-4E09D85DEC57}.Debug|Any CPU.ActiveCfg = Debug|Any CPU
		{87FDBBC5-2940-4413-970E-4E09D85DEC57}.Debug|Any CPU.Build.0 = Debug|Any CPU
		{87FDBBC5-2940-4413-970E-4E09D85DEC57}.Release|Any CPU.ActiveCfg = Release|Any CPU
		{87FDBBC5-2940-4413-970E-4E09D85DEC57}.Release|Any CPU.Build.0 = Release|Any CPU
		{C133EC27-5E31-41F5-967F-03960CF92CDA}.Debug|Any CPU.ActiveCfg = Debug|Any CPU
		{C133EC27-5E31-41F5-967F-03960CF92CDA}.Debug|Any CPU.Build.0 = Debug|Any CPU
		{C133EC27-5E31-41F5-967F-03960CF92CDA}.Release|Any CPU.ActiveCfg = Release|Any CPU
		{C133EC27-5E31-41F5-967F-03960CF92CDA}.Release|Any CPU.Build.0 = Release|Any CPU
		{063DCA4F-A837-47E7-8773-CA4FACD9572A}.Debug|Any CPU.ActiveCfg = Debug|Any CPU
		{063DCA4F-A837-47E7-8773-CA4FACD9572A}.Debug|Any CPU.Build.0 = Debug|Any CPU
		{063DCA4F-A837-47E7-8773-CA4FACD9572A}.Release|Any CPU.ActiveCfg = Release|Any CPU
		{063DCA4F-A837-47E7-8773-CA4FACD9572A}.Release|Any CPU.Build.0 = Release|Any CPU
	EndGlobalSection
	GlobalSection(SolutionProperties) = preSolution
		HideSolutionNode = FALSE
	EndGlobalSection
	GlobalSection(NestedProjects) = preSolution
		{058BC76E-CFBB-42C4-B395-2FA3A6E4BA81} = {FC1ACEAE-AF55-4364-819E-CF8D4C30FDB0}
		{87FDBBC5-2940-4413-970E-4E09D85DEC57} = {615D7585-6491-478D-A383-00070C580DB6}
		{C133EC27-5E31-41F5-967F-03960CF92CDA} = {FC1ACEAE-AF55-4364-819E-CF8D4C30FDB0}
		{063DCA4F-A837-47E7-8773-CA4FACD9572A} = {FC1ACEAE-AF55-4364-819E-CF8D4C30FDB0}
	EndGlobalSection
EndGlobal
